// !$*UTF8*$!
{
	archiveVersion = 1;
	classes = {
	};
	objectVersion = 54;
	objects = {

/* Begin PBXBuildFile section */
		0C80B921A6F3F58F76C31292 /* libPods-FittrackApp.a in Frameworks */ = {isa = PBXBuildFile; fileRef = 5DCACB8F33CDC322A6C60F78 /* libPods-FittrackApp.a */; };
		13B07FBF1A68108700A75B9A /* Images.xcassets in Resources */ = {isa = PBXBuildFile; fileRef = 13B07FB51A68108700A75B9A /* Images.xcassets */; };
		761780ED2CA45674006654EE /* AppDelegate.swift in Sources */ = {isa = PBXBuildFile; fileRef = 761780EC2CA45674006654EE /* AppDelegate.swift */; };
		81AB9BB82411601600AC10FF /* LaunchScreen.storyboard in Resources */ = {isa = PBXBuildFile; fileRef = 81AB9BB72411601600AC10FF /* LaunchScreen.storyboard */; };
		FF7420E6964B4FBE8FF52871 /* Montserrat-Black.ttf in Resources */ = {isa = PBXBuildFile; fileRef = AFE8A544024444F5A88A3A32 /* Montserrat-Black.ttf */; };
		90DADA51F8C9422198C647E9 /* Montserrat-BlackItalic.ttf in Resources */ = {isa = PBXBuildFile; fileRef = AAB91D42E53A4209A1C07EEB /* Montserrat-BlackItalic.ttf */; };
		A3E07B5D72164C48B3204C5D /* Montserrat-Bold.ttf in Resources */ = {isa = PBXBuildFile; fileRef = 29FDB65A001948AAA9D508A5 /* Montserrat-Bold.ttf */; };
		D0DBB4C31A3641849829BDFF /* Montserrat-BoldItalic.ttf in Resources */ = {isa = PBXBuildFile; fileRef = 82B24B7222774DA28264233B /* Montserrat-BoldItalic.ttf */; };
		7FC99E16B1AE441281035513 /* Montserrat-ExtraBold.ttf in Resources */ = {isa = PBXBuildFile; fileRef = 224C9634C0624C2E844A671B /* Montserrat-ExtraBold.ttf */; };
		B3D9EF7D9F2A419387F7B3E0 /* Montserrat-ExtraBoldItalic.ttf in Resources */ = {isa = PBXBuildFile; fileRef = 8E70C70259B2481086826C58 /* Montserrat-ExtraBoldItalic.ttf */; };
		D4D53611935B420798809172 /* Montserrat-ExtraLight.ttf in Resources */ = {isa = PBXBuildFile; fileRef = 42D8C156356C4C76B5F5C38F /* Montserrat-ExtraLight.ttf */; };
		8CA523EE77AF42BBA0F0F467 /* Montserrat-ExtraLightItalic.ttf in Resources */ = {isa = PBXBuildFile; fileRef = DF63921BF738424AB82C062D /* Montserrat-ExtraLightItalic.ttf */; };
		AC951E3D69F64D9F9054D01E /* Montserrat-Italic.ttf in Resources */ = {isa = PBXBuildFile; fileRef = ADDD8545687C4F5B84731653 /* Montserrat-Italic.ttf */; };
		DF621A102C954EA09C30AF2D /* Montserrat-Light.ttf in Resources */ = {isa = PBXBuildFile; fileRef = 483E104FD922425D90E08EB6 /* Montserrat-Light.ttf */; };
		4DBA7405109243B3ABBE172C /* Montserrat-LightItalic.ttf in Resources */ = {isa = PBXBuildFile; fileRef = AC7D6E26A64B40009C32012E /* Montserrat-LightItalic.ttf */; };
		840BCB0AEC534E12A9D0300C /* Montserrat-Medium.ttf in Resources */ = {isa = PBXBuildFile; fileRef = 46F6D750722C433D9FAB84EE /* Montserrat-Medium.ttf */; };
		F46CC00D4A73410DA5E07B22 /* Montserrat-MediumItalic.ttf in Resources */ = {isa = PBXBuildFile; fileRef = 2C0046D3C9EA42AF9ADD04F1 /* Montserrat-MediumItalic.ttf */; };
		634FD4B3379648F9B134FA2A /* Montserrat-Regular.ttf in Resources */ = {isa = PBXBuildFile; fileRef = DC93D65CCC4F4233AD34041B /* Montserrat-Regular.ttf */; };
		2720A58FB50D4B3496952C50 /* Montserrat-SemiBold.ttf in Resources */ = {isa = PBXBuildFile; fileRef = DBB05EDB623E4D7A9659E73A /* Montserrat-SemiBold.ttf */; };
		085A6FBBDBB349688F2CC6F0 /* Montserrat-SemiBoldItalic.ttf in Resources */ = {isa = PBXBuildFile; fileRef = 116155DCDCD14B83A37B2F71 /* Montserrat-SemiBoldItalic.ttf */; };
		F3293C2F292343FD9FC117D3 /* Montserrat-Thin.ttf in Resources */ = {isa = PBXBuildFile; fileRef = AC03842304F5419E9035A2D4 /* Montserrat-Thin.ttf */; };
		3F016D90B7D645FFB4FDE72F /* Montserrat-ThinItalic.ttf in Resources */ = {isa = PBXBuildFile; fileRef = BEE496375780481BB0874703 /* Montserrat-ThinItalic.ttf */; };
		D323BD3C2E6145D0B03CA7C1 /* OpenSans-Bold.ttf in Resources */ = {isa = PBXBuildFile; fileRef = B629F454D46D4CE192F60F3C /* OpenSans-Bold.ttf */; };
		8D88A29C7E374025ADFD29FC /* OpenSans-BoldItalic.ttf in Resources */ = {isa = PBXBuildFile; fileRef = 20D2C0A89068441AACD0AFB8 /* OpenSans-BoldItalic.ttf */; };
		28182A3C874E4E35A334FCEE /* OpenSans-ExtraBold.ttf in Resources */ = {isa = PBXBuildFile; fileRef = 0F334287CE7640DDAF4E7CF4 /* OpenSans-ExtraBold.ttf */; };
		B65EFF2C7299484D9F10B93D /* OpenSans-ExtraBoldItalic.ttf in Resources */ = {isa = PBXBuildFile; fileRef = 6D29F31C88EB436B86BEB7D1 /* OpenSans-ExtraBoldItalic.ttf */; };
		5505BEBBB9B84560AB8A0326 /* OpenSans-Italic.ttf in Resources */ = {isa = PBXBuildFile; fileRef = 0984391946CB4686ADAC4FC4 /* OpenSans-Italic.ttf */; };
		D48A5F34A31B4991B499A202 /* OpenSans-Light.ttf in Resources */ = {isa = PBXBuildFile; fileRef = 5B67C47D2FD8443DB3E88C25 /* OpenSans-Light.ttf */; };
		EED5CBCAF4D842FEA69074BD /* OpenSans-LightItalic.ttf in Resources */ = {isa = PBXBuildFile; fileRef = 66F99A6CCF624907891C87A5 /* OpenSans-LightItalic.ttf */; };
		E7423B0FA3504BDC9F1CF4FC /* OpenSans-Medium.ttf in Resources */ = {isa = PBXBuildFile; fileRef = 0209425C674F4A229678FBC3 /* OpenSans-Medium.ttf */; };
		F470895238854020A4060026 /* OpenSans-MediumItalic.ttf in Resources */ = {isa = PBXBuildFile; fileRef = 24053982C522416AA7351190 /* OpenSans-MediumItalic.ttf */; };
		70FDD716723A496DAABE0ED5 /* OpenSans-Regular.ttf in Resources */ = {isa = PBXBuildFile; fileRef = 117CA2C714164F6399A155D3 /* OpenSans-Regular.ttf */; };
		BF051F2920AA48188608C417 /* OpenSans-SemiBold.ttf in Resources */ = {isa = PBXBuildFile; fileRef = 36660891F5234AF49EFFB85F /* OpenSans-SemiBold.ttf */; };
		1B0542CAEF31455CA1626DD2 /* OpenSans-SemiBoldItalic.ttf in Resources */ = {isa = PBXBuildFile; fileRef = B1D194028DB24A408DABAC85 /* OpenSans-SemiBoldItalic.ttf */; };
		F7E6E041073D4EDEA7952D29 /* OpenSans_Condensed-Bold.ttf in Resources */ = {isa = PBXBuildFile; fileRef = 4B7C90125798413AA00E411A /* OpenSans_Condensed-Bold.ttf */; };
		38C74AE6A5134F07B72C25AB /* OpenSans_Condensed-BoldItalic.ttf in Resources */ = {isa = PBXBuildFile; fileRef = 64C3EBBECCEC481C868D604E /* OpenSans_Condensed-BoldItalic.ttf */; };
		BBBC0E24F2694B9DB8C61181 /* OpenSans_Condensed-ExtraBold.ttf in Resources */ = {isa = PBXBuildFile; fileRef = 40A2970993B94D85B2B3BFFC /* OpenSans_Condensed-ExtraBold.ttf */; };
		C679DEE0EC1C412B9362A8B5 /* OpenSans_Condensed-ExtraBoldItalic.ttf in Resources */ = {isa = PBXBuildFile; fileRef = A7FB6B042B3F41AEBD29B46C /* OpenSans_Condensed-ExtraBoldItalic.ttf */; };
		AEE4C19909694E46B26ED7AA /* OpenSans_Condensed-Italic.ttf in Resources */ = {isa = PBXBuildFile; fileRef = 54CB791B35C145A9B9D71281 /* OpenSans_Condensed-Italic.ttf */; };
		05E641E9CA954467907772D0 /* OpenSans_Condensed-Light.ttf in Resources */ = {isa = PBXBuildFile; fileRef = 36E3C14C6C774D93A304466E /* OpenSans_Condensed-Light.ttf */; };
		0BD8F630E51742A79B041534 /* OpenSans_Condensed-LightItalic.ttf in Resources */ = {isa = PBXBuildFile; fileRef = 403D02ACAD0440AA85A5BC76 /* OpenSans_Condensed-LightItalic.ttf */; };
		EB5CB6E55D29457FB35D2B02 /* OpenSans_Condensed-Medium.ttf in Resources */ = {isa = PBXBuildFile; fileRef = 555FA2475EC84743B40A1B05 /* OpenSans_Condensed-Medium.ttf */; };
		786D19F043E84136A5B268CE /* OpenSans_Condensed-MediumItalic.ttf in Resources */ = {isa = PBXBuildFile; fileRef = 895AE8124FC243BFB682DC77 /* OpenSans_Condensed-MediumItalic.ttf */; };
		2B20EB322D7D4F6FA167E49D /* OpenSans_Condensed-Regular.ttf in Resources */ = {isa = PBXBuildFile; fileRef = EB59609A89604A0688D02121 /* OpenSans_Condensed-Regular.ttf */; };
		2DB75890819D43438B019AF9 /* OpenSans_Condensed-SemiBold.ttf in Resources */ = {isa = PBXBuildFile; fileRef = C56AC8D403654141A1468F4A /* OpenSans_Condensed-SemiBold.ttf */; };
		C8B5C792E44A4878BE5AB120 /* OpenSans_Condensed-SemiBoldItalic.ttf in Resources */ = {isa = PBXBuildFile; fileRef = DBA021B11B6D4742B216E581 /* OpenSans_Condensed-SemiBoldItalic.ttf */; };
		48817FEF905D423E8270CBE4 /* OpenSans_SemiCondensed-Bold.ttf in Resources */ = {isa = PBXBuildFile; fileRef = 3AB30B9F5DBB441DAD2C6448 /* OpenSans_SemiCondensed-Bold.ttf */; };
		87F1196674C544ECA16C7F63 /* OpenSans_SemiCondensed-BoldItalic.ttf in Resources */ = {isa = PBXBuildFile; fileRef = 086F4F002A9F4859A1A1FB99 /* OpenSans_SemiCondensed-BoldItalic.ttf */; };
		456DD60206B0409494ECE2FE /* OpenSans_SemiCondensed-ExtraBold.ttf in Resources */ = {isa = PBXBuildFile; fileRef = D8E5E29CC0BD49E1B0391DCB /* OpenSans_SemiCondensed-ExtraBold.ttf */; };
		E55DDFC5655645A3815A4DDD /* OpenSans_SemiCondensed-ExtraBoldItalic.ttf in Resources */ = {isa = PBXBuildFile; fileRef = 8222BBFCC41546EE8E7C2551 /* OpenSans_SemiCondensed-ExtraBoldItalic.ttf */; };
		676514F455CE420391C4E025 /* OpenSans_SemiCondensed-Italic.ttf in Resources */ = {isa = PBXBuildFile; fileRef = 81173A22A7754D568FB5869E /* OpenSans_SemiCondensed-Italic.ttf */; };
		601C4A15DF2D42E68132B445 /* OpenSans_SemiCondensed-Light.ttf in Resources */ = {isa = PBXBuildFile; fileRef = 7778DA800353438DADF04A8E /* OpenSans_SemiCondensed-Light.ttf */; };
		8A42F48E4EA347E295607688 /* OpenSans_SemiCondensed-LightItalic.ttf in Resources */ = {isa = PBXBuildFile; fileRef = AD7871014F764053B31786BB /* OpenSans_SemiCondensed-LightItalic.ttf */; };
		2F447A9612B54E34BD820BB4 /* OpenSans_SemiCondensed-Medium.ttf in Resources */ = {isa = PBXBuildFile; fileRef = C22FFD24DEB94F69B6863F5E /* OpenSans_SemiCondensed-Medium.ttf */; };
		F3CD7834A5854090A16CAD6F /* OpenSans_SemiCondensed-MediumItalic.ttf in Resources */ = {isa = PBXBuildFile; fileRef = 00A7F46C51554AFEA0EAE538 /* OpenSans_SemiCondensed-MediumItalic.ttf */; };
		D3CC0E56BE2D4312A7C74D62 /* OpenSans_SemiCondensed-Regular.ttf in Resources */ = {isa = PBXBuildFile; fileRef = D3A7C9F75215423ABCA07E3C /* OpenSans_SemiCondensed-Regular.ttf */; };
		FB60920CFA274B40BC1A08D4 /* OpenSans_SemiCondensed-SemiBold.ttf in Resources */ = {isa = PBXBuildFile; fileRef = EE65FEA0208B49BE9036CFC2 /* OpenSans_SemiCondensed-SemiBold.ttf */; };
		0BAB9E73EBFA458EAE32C85A /* OpenSans_SemiCondensed-SemiBoldItalic.ttf in Resources */ = {isa = PBXBuildFile; fileRef = 61684F6417C049BCB2DC9A15 /* OpenSans_SemiCondensed-SemiBoldItalic.ttf */; };
/* End PBXBuildFile section */

/* Begin PBXFileReference section */
		13B07F961A680F5B00A75B9A /* FittrackApp.app */ = {isa = PBXFileReference; explicitFileType = wrapper.application; includeInIndex = 0; path = FittrackApp.app; sourceTree = BUILT_PRODUCTS_DIR; };
		13B07FB51A68108700A75B9A /* Images.xcassets */ = {isa = PBXFileReference; lastKnownFileType = folder.assetcatalog; name = Images.xcassets; path = FittrackApp/Images.xcassets; sourceTree = "<group>"; };
		13B07FB61A68108700A75B9A /* Info.plist */ = {isa = PBXFileReference; fileEncoding = 4; lastKnownFileType = text.plist.xml; name = Info.plist; path = FittrackApp/Info.plist; sourceTree = "<group>"; };
		13B07FB81A68108700A75B9A /* PrivacyInfo.xcprivacy */ = {isa = PBXFileReference; fileEncoding = 4; lastKnownFileType = text.plist.xml; name = PrivacyInfo.xcprivacy; path = FittrackApp/PrivacyInfo.xcprivacy; sourceTree = "<group>"; };
		3B4392A12AC88292D35C810B /* Pods-FittrackApp.debug.xcconfig */ = {isa = PBXFileReference; includeInIndex = 1; lastKnownFileType = text.xcconfig; name = "Pods-FittrackApp.debug.xcconfig"; path = "Target Support Files/Pods-FittrackApp/Pods-FittrackApp.debug.xcconfig"; sourceTree = "<group>"; };
		5709B34CF0A7D63546082F79 /* Pods-FittrackApp.release.xcconfig */ = {isa = PBXFileReference; includeInIndex = 1; lastKnownFileType = text.xcconfig; name = "Pods-FittrackApp.release.xcconfig"; path = "Target Support Files/Pods-FittrackApp/Pods-FittrackApp.release.xcconfig"; sourceTree = "<group>"; };
		5DCACB8F33CDC322A6C60F78 /* libPods-FittrackApp.a */ = {isa = PBXFileReference; explicitFileType = archive.ar; includeInIndex = 0; path = "libPods-FittrackApp.a"; sourceTree = BUILT_PRODUCTS_DIR; };
		761780EC2CA45674006654EE /* AppDelegate.swift */ = {isa = PBXFileReference; lastKnownFileType = sourcecode.swift; name = AppDelegate.swift; path = FittrackApp/AppDelegate.swift; sourceTree = "<group>"; };
		81AB9BB72411601600AC10FF /* LaunchScreen.storyboard */ = {isa = PBXFileReference; fileEncoding = 4; lastKnownFileType = file.storyboard; name = LaunchScreen.storyboard; path = FittrackApp/LaunchScreen.storyboard; sourceTree = "<group>"; };
		ED297162215061F000B7C4FE /* JavaScriptCore.framework */ = {isa = PBXFileReference; lastKnownFileType = wrapper.framework; name = JavaScriptCore.framework; path = System/Library/Frameworks/JavaScriptCore.framework; sourceTree = SDKROOT; };
		AFE8A544024444F5A88A3A32 /* Montserrat-Black.ttf */ = {isa = PBXFileReference; name = "Montserrat-Black.ttf"; path = "../assets/fonts/Montserrat-Black.ttf"; sourceTree = "<group>"; fileEncoding = undefined; lastKnownFileType = unknown; explicitFileType = undefined; includeInIndex = 0; };
		AAB91D42E53A4209A1C07EEB /* Montserrat-BlackItalic.ttf */ = {isa = PBXFileReference; name = "Montserrat-BlackItalic.ttf"; path = "../assets/fonts/Montserrat-BlackItalic.ttf"; sourceTree = "<group>"; fileEncoding = undefined; lastKnownFileType = unknown; explicitFileType = undefined; includeInIndex = 0; };
		29FDB65A001948AAA9D508A5 /* Montserrat-Bold.ttf */ = {isa = PBXFileReference; name = "Montserrat-Bold.ttf"; path = "../assets/fonts/Montserrat-Bold.ttf"; sourceTree = "<group>"; fileEncoding = undefined; lastKnownFileType = unknown; explicitFileType = undefined; includeInIndex = 0; };
		82B24B7222774DA28264233B /* Montserrat-BoldItalic.ttf */ = {isa = PBXFileReference; name = "Montserrat-BoldItalic.ttf"; path = "../assets/fonts/Montserrat-BoldItalic.ttf"; sourceTree = "<group>"; fileEncoding = undefined; lastKnownFileType = unknown; explicitFileType = undefined; includeInIndex = 0; };
		224C9634C0624C2E844A671B /* Montserrat-ExtraBold.ttf */ = {isa = PBXFileReference; name = "Montserrat-ExtraBold.ttf"; path = "../assets/fonts/Montserrat-ExtraBold.ttf"; sourceTree = "<group>"; fileEncoding = undefined; lastKnownFileType = unknown; explicitFileType = undefined; includeInIndex = 0; };
		8E70C70259B2481086826C58 /* Montserrat-ExtraBoldItalic.ttf */ = {isa = PBXFileReference; name = "Montserrat-ExtraBoldItalic.ttf"; path = "../assets/fonts/Montserrat-ExtraBoldItalic.ttf"; sourceTree = "<group>"; fileEncoding = undefined; lastKnownFileType = unknown; explicitFileType = undefined; includeInIndex = 0; };
		42D8C156356C4C76B5F5C38F /* Montserrat-ExtraLight.ttf */ = {isa = PBXFileReference; name = "Montserrat-ExtraLight.ttf"; path = "../assets/fonts/Montserrat-ExtraLight.ttf"; sourceTree = "<group>"; fileEncoding = undefined; lastKnownFileType = unknown; explicitFileType = undefined; includeInIndex = 0; };
		DF63921BF738424AB82C062D /* Montserrat-ExtraLightItalic.ttf */ = {isa = PBXFileReference; name = "Montserrat-ExtraLightItalic.ttf"; path = "../assets/fonts/Montserrat-ExtraLightItalic.ttf"; sourceTree = "<group>"; fileEncoding = undefined; lastKnownFileType = unknown; explicitFileType = undefined; includeInIndex = 0; };
		ADDD8545687C4F5B84731653 /* Montserrat-Italic.ttf */ = {isa = PBXFileReference; name = "Montserrat-Italic.ttf"; path = "../assets/fonts/Montserrat-Italic.ttf"; sourceTree = "<group>"; fileEncoding = undefined; lastKnownFileType = unknown; explicitFileType = undefined; includeInIndex = 0; };
		483E104FD922425D90E08EB6 /* Montserrat-Light.ttf */ = {isa = PBXFileReference; name = "Montserrat-Light.ttf"; path = "../assets/fonts/Montserrat-Light.ttf"; sourceTree = "<group>"; fileEncoding = undefined; lastKnownFileType = unknown; explicitFileType = undefined; includeInIndex = 0; };
		AC7D6E26A64B40009C32012E /* Montserrat-LightItalic.ttf */ = {isa = PBXFileReference; name = "Montserrat-LightItalic.ttf"; path = "../assets/fonts/Montserrat-LightItalic.ttf"; sourceTree = "<group>"; fileEncoding = undefined; lastKnownFileType = unknown; explicitFileType = undefined; includeInIndex = 0; };
		46F6D750722C433D9FAB84EE /* Montserrat-Medium.ttf */ = {isa = PBXFileReference; name = "Montserrat-Medium.ttf"; path = "../assets/fonts/Montserrat-Medium.ttf"; sourceTree = "<group>"; fileEncoding = undefined; lastKnownFileType = unknown; explicitFileType = undefined; includeInIndex = 0; };
		2C0046D3C9EA42AF9ADD04F1 /* Montserrat-MediumItalic.ttf */ = {isa = PBXFileReference; name = "Montserrat-MediumItalic.ttf"; path = "../assets/fonts/Montserrat-MediumItalic.ttf"; sourceTree = "<group>"; fileEncoding = undefined; lastKnownFileType = unknown; explicitFileType = undefined; includeInIndex = 0; };
		DC93D65CCC4F4233AD34041B /* Montserrat-Regular.ttf */ = {isa = PBXFileReference; name = "Montserrat-Regular.ttf"; path = "../assets/fonts/Montserrat-Regular.ttf"; sourceTree = "<group>"; fileEncoding = undefined; lastKnownFileType = unknown; explicitFileType = undefined; includeInIndex = 0; };
		DBB05EDB623E4D7A9659E73A /* Montserrat-SemiBold.ttf */ = {isa = PBXFileReference; name = "Montserrat-SemiBold.ttf"; path = "../assets/fonts/Montserrat-SemiBold.ttf"; sourceTree = "<group>"; fileEncoding = undefined; lastKnownFileType = unknown; explicitFileType = undefined; includeInIndex = 0; };
		116155DCDCD14B83A37B2F71 /* Montserrat-SemiBoldItalic.ttf */ = {isa = PBXFileReference; name = "Montserrat-SemiBoldItalic.ttf"; path = "../assets/fonts/Montserrat-SemiBoldItalic.ttf"; sourceTree = "<group>"; fileEncoding = undefined; lastKnownFileType = unknown; explicitFileType = undefined; includeInIndex = 0; };
		AC03842304F5419E9035A2D4 /* Montserrat-Thin.ttf */ = {isa = PBXFileReference; name = "Montserrat-Thin.ttf"; path = "../assets/fonts/Montserrat-Thin.ttf"; sourceTree = "<group>"; fileEncoding = undefined; lastKnownFileType = unknown; explicitFileType = undefined; includeInIndex = 0; };
		BEE496375780481BB0874703 /* Montserrat-ThinItalic.ttf */ = {isa = PBXFileReference; name = "Montserrat-ThinItalic.ttf"; path = "../assets/fonts/Montserrat-ThinItalic.ttf"; sourceTree = "<group>"; fileEncoding = undefined; lastKnownFileType = unknown; explicitFileType = undefined; includeInIndex = 0; };
		B629F454D46D4CE192F60F3C /* OpenSans-Bold.ttf */ = {isa = PBXFileReference; name = "OpenSans-Bold.ttf"; path = "../assets/fonts/OpenSans-Bold.ttf"; sourceTree = "<group>"; fileEncoding = undefined; lastKnownFileType = unknown; explicitFileType = undefined; includeInIndex = 0; };
		20D2C0A89068441AACD0AFB8 /* OpenSans-BoldItalic.ttf */ = {isa = PBXFileReference; name = "OpenSans-BoldItalic.ttf"; path = "../assets/fonts/OpenSans-BoldItalic.ttf"; sourceTree = "<group>"; fileEncoding = undefined; lastKnownFileType = unknown; explicitFileType = undefined; includeInIndex = 0; };
		0F334287CE7640DDAF4E7CF4 /* OpenSans-ExtraBold.ttf */ = {isa = PBXFileReference; name = "OpenSans-ExtraBold.ttf"; path = "../assets/fonts/OpenSans-ExtraBold.ttf"; sourceTree = "<group>"; fileEncoding = undefined; lastKnownFileType = unknown; explicitFileType = undefined; includeInIndex = 0; };
		6D29F31C88EB436B86BEB7D1 /* OpenSans-ExtraBoldItalic.ttf */ = {isa = PBXFileReference; name = "OpenSans-ExtraBoldItalic.ttf"; path = "../assets/fonts/OpenSans-ExtraBoldItalic.ttf"; sourceTree = "<group>"; fileEncoding = undefined; lastKnownFileType = unknown; explicitFileType = undefined; includeInIndex = 0; };
		0984391946CB4686ADAC4FC4 /* OpenSans-Italic.ttf */ = {isa = PBXFileReference; name = "OpenSans-Italic.ttf"; path = "../assets/fonts/OpenSans-Italic.ttf"; sourceTree = "<group>"; fileEncoding = undefined; lastKnownFileType = unknown; explicitFileType = undefined; includeInIndex = 0; };
		5B67C47D2FD8443DB3E88C25 /* OpenSans-Light.ttf */ = {isa = PBXFileReference; name = "OpenSans-Light.ttf"; path = "../assets/fonts/OpenSans-Light.ttf"; sourceTree = "<group>"; fileEncoding = undefined; lastKnownFileType = unknown; explicitFileType = undefined; includeInIndex = 0; };
		66F99A6CCF624907891C87A5 /* OpenSans-LightItalic.ttf */ = {isa = PBXFileReference; name = "OpenSans-LightItalic.ttf"; path = "../assets/fonts/OpenSans-LightItalic.ttf"; sourceTree = "<group>"; fileEncoding = undefined; lastKnownFileType = unknown; explicitFileType = undefined; includeInIndex = 0; };
		0209425C674F4A229678FBC3 /* OpenSans-Medium.ttf */ = {isa = PBXFileReference; name = "OpenSans-Medium.ttf"; path = "../assets/fonts/OpenSans-Medium.ttf"; sourceTree = "<group>"; fileEncoding = undefined; lastKnownFileType = unknown; explicitFileType = undefined; includeInIndex = 0; };
		24053982C522416AA7351190 /* OpenSans-MediumItalic.ttf */ = {isa = PBXFileReference; name = "OpenSans-MediumItalic.ttf"; path = "../assets/fonts/OpenSans-MediumItalic.ttf"; sourceTree = "<group>"; fileEncoding = undefined; lastKnownFileType = unknown; explicitFileType = undefined; includeInIndex = 0; };
		117CA2C714164F6399A155D3 /* OpenSans-Regular.ttf */ = {isa = PBXFileReference; name = "OpenSans-Regular.ttf"; path = "../assets/fonts/OpenSans-Regular.ttf"; sourceTree = "<group>"; fileEncoding = undefined; lastKnownFileType = unknown; explicitFileType = undefined; includeInIndex = 0; };
		36660891F5234AF49EFFB85F /* OpenSans-SemiBold.ttf */ = {isa = PBXFileReference; name = "OpenSans-SemiBold.ttf"; path = "../assets/fonts/OpenSans-SemiBold.ttf"; sourceTree = "<group>"; fileEncoding = undefined; lastKnownFileType = unknown; explicitFileType = undefined; includeInIndex = 0; };
		B1D194028DB24A408DABAC85 /* OpenSans-SemiBoldItalic.ttf */ = {isa = PBXFileReference; name = "OpenSans-SemiBoldItalic.ttf"; path = "../assets/fonts/OpenSans-SemiBoldItalic.ttf"; sourceTree = "<group>"; fileEncoding = undefined; lastKnownFileType = unknown; explicitFileType = undefined; includeInIndex = 0; };
		4B7C90125798413AA00E411A /* OpenSans_Condensed-Bold.ttf */ = {isa = PBXFileReference; name = "OpenSans_Condensed-Bold.ttf"; path = "../assets/fonts/OpenSans_Condensed-Bold.ttf"; sourceTree = "<group>"; fileEncoding = undefined; lastKnownFileType = unknown; explicitFileType = undefined; includeInIndex = 0; };
		64C3EBBECCEC481C868D604E /* OpenSans_Condensed-BoldItalic.ttf */ = {isa = PBXFileReference; name = "OpenSans_Condensed-BoldItalic.ttf"; path = "../assets/fonts/OpenSans_Condensed-BoldItalic.ttf"; sourceTree = "<group>"; fileEncoding = undefined; lastKnownFileType = unknown; explicitFileType = undefined; includeInIndex = 0; };
		40A2970993B94D85B2B3BFFC /* OpenSans_Condensed-ExtraBold.ttf */ = {isa = PBXFileReference; name = "OpenSans_Condensed-ExtraBold.ttf"; path = "../assets/fonts/OpenSans_Condensed-ExtraBold.ttf"; sourceTree = "<group>"; fileEncoding = undefined; lastKnownFileType = unknown; explicitFileType = undefined; includeInIndex = 0; };
		A7FB6B042B3F41AEBD29B46C /* OpenSans_Condensed-ExtraBoldItalic.ttf */ = {isa = PBXFileReference; name = "OpenSans_Condensed-ExtraBoldItalic.ttf"; path = "../assets/fonts/OpenSans_Condensed-ExtraBoldItalic.ttf"; sourceTree = "<group>"; fileEncoding = undefined; lastKnownFileType = unknown; explicitFileType = undefined; includeInIndex = 0; };
		54CB791B35C145A9B9D71281 /* OpenSans_Condensed-Italic.ttf */ = {isa = PBXFileReference; name = "OpenSans_Condensed-Italic.ttf"; path = "../assets/fonts/OpenSans_Condensed-Italic.ttf"; sourceTree = "<group>"; fileEncoding = undefined; lastKnownFileType = unknown; explicitFileType = undefined; includeInIndex = 0; };
		36E3C14C6C774D93A304466E /* OpenSans_Condensed-Light.ttf */ = {isa = PBXFileReference; name = "OpenSans_Condensed-Light.ttf"; path = "../assets/fonts/OpenSans_Condensed-Light.ttf"; sourceTree = "<group>"; fileEncoding = undefined; lastKnownFileType = unknown; explicitFileType = undefined; includeInIndex = 0; };
		403D02ACAD0440AA85A5BC76 /* OpenSans_Condensed-LightItalic.ttf */ = {isa = PBXFileReference; name = "OpenSans_Condensed-LightItalic.ttf"; path = "../assets/fonts/OpenSans_Condensed-LightItalic.ttf"; sourceTree = "<group>"; fileEncoding = undefined; lastKnownFileType = unknown; explicitFileType = undefined; includeInIndex = 0; };
		555FA2475EC84743B40A1B05 /* OpenSans_Condensed-Medium.ttf */ = {isa = PBXFileReference; name = "OpenSans_Condensed-Medium.ttf"; path = "../assets/fonts/OpenSans_Condensed-Medium.ttf"; sourceTree = "<group>"; fileEncoding = undefined; lastKnownFileType = unknown; explicitFileType = undefined; includeInIndex = 0; };
		895AE8124FC243BFB682DC77 /* OpenSans_Condensed-MediumItalic.ttf */ = {isa = PBXFileReference; name = "OpenSans_Condensed-MediumItalic.ttf"; path = "../assets/fonts/OpenSans_Condensed-MediumItalic.ttf"; sourceTree = "<group>"; fileEncoding = undefined; lastKnownFileType = unknown; explicitFileType = undefined; includeInIndex = 0; };
		EB59609A89604A0688D02121 /* OpenSans_Condensed-Regular.ttf */ = {isa = PBXFileReference; name = "OpenSans_Condensed-Regular.ttf"; path = "../assets/fonts/OpenSans_Condensed-Regular.ttf"; sourceTree = "<group>"; fileEncoding = undefined; lastKnownFileType = unknown; explicitFileType = undefined; includeInIndex = 0; };
		C56AC8D403654141A1468F4A /* OpenSans_Condensed-SemiBold.ttf */ = {isa = PBXFileReference; name = "OpenSans_Condensed-SemiBold.ttf"; path = "../assets/fonts/OpenSans_Condensed-SemiBold.ttf"; sourceTree = "<group>"; fileEncoding = undefined; lastKnownFileType = unknown; explicitFileType = undefined; includeInIndex = 0; };
		DBA021B11B6D4742B216E581 /* OpenSans_Condensed-SemiBoldItalic.ttf */ = {isa = PBXFileReference; name = "OpenSans_Condensed-SemiBoldItalic.ttf"; path = "../assets/fonts/OpenSans_Condensed-SemiBoldItalic.ttf"; sourceTree = "<group>"; fileEncoding = undefined; lastKnownFileType = unknown; explicitFileType = undefined; includeInIndex = 0; };
		3AB30B9F5DBB441DAD2C6448 /* OpenSans_SemiCondensed-Bold.ttf */ = {isa = PBXFileReference; name = "OpenSans_SemiCondensed-Bold.ttf"; path = "../assets/fonts/OpenSans_SemiCondensed-Bold.ttf"; sourceTree = "<group>"; fileEncoding = undefined; lastKnownFileType = unknown; explicitFileType = undefined; includeInIndex = 0; };
		086F4F002A9F4859A1A1FB99 /* OpenSans_SemiCondensed-BoldItalic.ttf */ = {isa = PBXFileReference; name = "OpenSans_SemiCondensed-BoldItalic.ttf"; path = "../assets/fonts/OpenSans_SemiCondensed-BoldItalic.ttf"; sourceTree = "<group>"; fileEncoding = undefined; lastKnownFileType = unknown; explicitFileType = undefined; includeInIndex = 0; };
		D8E5E29CC0BD49E1B0391DCB /* OpenSans_SemiCondensed-ExtraBold.ttf */ = {isa = PBXFileReference; name = "OpenSans_SemiCondensed-ExtraBold.ttf"; path = "../assets/fonts/OpenSans_SemiCondensed-ExtraBold.ttf"; sourceTree = "<group>"; fileEncoding = undefined; lastKnownFileType = unknown; explicitFileType = undefined; includeInIndex = 0; };
		8222BBFCC41546EE8E7C2551 /* OpenSans_SemiCondensed-ExtraBoldItalic.ttf */ = {isa = PBXFileReference; name = "OpenSans_SemiCondensed-ExtraBoldItalic.ttf"; path = "../assets/fonts/OpenSans_SemiCondensed-ExtraBoldItalic.ttf"; sourceTree = "<group>"; fileEncoding = undefined; lastKnownFileType = unknown; explicitFileType = undefined; includeInIndex = 0; };
		81173A22A7754D568FB5869E /* OpenSans_SemiCondensed-Italic.ttf */ = {isa = PBXFileReference; name = "OpenSans_SemiCondensed-Italic.ttf"; path = "../assets/fonts/OpenSans_SemiCondensed-Italic.ttf"; sourceTree = "<group>"; fileEncoding = undefined; lastKnownFileType = unknown; explicitFileType = undefined; includeInIndex = 0; };
		7778DA800353438DADF04A8E /* OpenSans_SemiCondensed-Light.ttf */ = {isa = PBXFileReference; name = "OpenSans_SemiCondensed-Light.ttf"; path = "../assets/fonts/OpenSans_SemiCondensed-Light.ttf"; sourceTree = "<group>"; fileEncoding = undefined; lastKnownFileType = unknown; explicitFileType = undefined; includeInIndex = 0; };
		AD7871014F764053B31786BB /* OpenSans_SemiCondensed-LightItalic.ttf */ = {isa = PBXFileReference; name = "OpenSans_SemiCondensed-LightItalic.ttf"; path = "../assets/fonts/OpenSans_SemiCondensed-LightItalic.ttf"; sourceTree = "<group>"; fileEncoding = undefined; lastKnownFileType = unknown; explicitFileType = undefined; includeInIndex = 0; };
		C22FFD24DEB94F69B6863F5E /* OpenSans_SemiCondensed-Medium.ttf */ = {isa = PBXFileReference; name = "OpenSans_SemiCondensed-Medium.ttf"; path = "../assets/fonts/OpenSans_SemiCondensed-Medium.ttf"; sourceTree = "<group>"; fileEncoding = undefined; lastKnownFileType = unknown; explicitFileType = undefined; includeInIndex = 0; };
		00A7F46C51554AFEA0EAE538 /* OpenSans_SemiCondensed-MediumItalic.ttf */ = {isa = PBXFileReference; name = "OpenSans_SemiCondensed-MediumItalic.ttf"; path = "../assets/fonts/OpenSans_SemiCondensed-MediumItalic.ttf"; sourceTree = "<group>"; fileEncoding = undefined; lastKnownFileType = unknown; explicitFileType = undefined; includeInIndex = 0; };
		D3A7C9F75215423ABCA07E3C /* OpenSans_SemiCondensed-Regular.ttf */ = {isa = PBXFileReference; name = "OpenSans_SemiCondensed-Regular.ttf"; path = "../assets/fonts/OpenSans_SemiCondensed-Regular.ttf"; sourceTree = "<group>"; fileEncoding = undefined; lastKnownFileType = unknown; explicitFileType = undefined; includeInIndex = 0; };
		EE65FEA0208B49BE9036CFC2 /* OpenSans_SemiCondensed-SemiBold.ttf */ = {isa = PBXFileReference; name = "OpenSans_SemiCondensed-SemiBold.ttf"; path = "../assets/fonts/OpenSans_SemiCondensed-SemiBold.ttf"; sourceTree = "<group>"; fileEncoding = undefined; lastKnownFileType = unknown; explicitFileType = undefined; includeInIndex = 0; };
		61684F6417C049BCB2DC9A15 /* OpenSans_SemiCondensed-SemiBoldItalic.ttf */ = {isa = PBXFileReference; name = "OpenSans_SemiCondensed-SemiBoldItalic.ttf"; path = "../assets/fonts/OpenSans_SemiCondensed-SemiBoldItalic.ttf"; sourceTree = "<group>"; fileEncoding = undefined; lastKnownFileType = unknown; explicitFileType = undefined; includeInIndex = 0; };
/* End PBXFileReference section */

/* Begin PBXFrameworksBuildPhase section */
		13B07F8C1A680F5B00A75B9A /* Frameworks */ = {
			isa = PBXFrameworksBuildPhase;
			buildActionMask = 2147483647;
			files = (
				0C80B921A6F3F58F76C31292 /* libPods-FittrackApp.a in Frameworks */,
			);
			runOnlyForDeploymentPostprocessing = 0;
		};
/* End PBXFrameworksBuildPhase section */

/* Begin PBXGroup section */
		13B07FAE1A68108700A75B9A /* FittrackApp */ = {
			isa = PBXGroup;
			children = (
				13B07FB51A68108700A75B9A /* Images.xcassets */,
				761780EC2CA45674006654EE /* AppDelegate.swift */,
				13B07FB61A68108700A75B9A /* Info.plist */,
				81AB9BB72411601600AC10FF /* LaunchScreen.storyboard */,
				13B07FB81A68108700A75B9A /* PrivacyInfo.xcprivacy */,
			);
			name = FittrackApp;
			sourceTree = "<group>";
		};
		2D16E6871FA4F8E400B85C8A /* Frameworks */ = {
			isa = PBXGroup;
			children = (
				ED297162215061F000B7C4FE /* JavaScriptCore.framework */,
				5DCACB8F33CDC322A6C60F78 /* libPods-FittrackApp.a */,
			);
			name = Frameworks;
			sourceTree = "<group>";
		};
		832341AE1AAA6A7D00B99B32 /* Libraries */ = {
			isa = PBXGroup;
			children = (
			);
			name = Libraries;
			sourceTree = "<group>";
		};
		83CBB9F61A601CBA00E9B192 = {
			isa = PBXGroup;
			children = (
				13B07FAE1A68108700A75B9A /* FittrackApp */,
				832341AE1AAA6A7D00B99B32 /* Libraries */,
				83CBBA001A601CBA00E9B192 /* Products */,
				2D16E6871FA4F8E400B85C8A /* Frameworks */,
				BBD78D7AC51CEA395F1C20DB /* Pods */,
				B435932D61C845889DD40E4D /* Resources */,
			);
			indentWidth = 2;
			sourceTree = "<group>";
			tabWidth = 2;
			usesTabs = 0;
		};
		83CBBA001A601CBA00E9B192 /* Products */ = {
			isa = PBXGroup;
			children = (
				13B07F961A680F5B00A75B9A /* FittrackApp.app */,
			);
			name = Products;
			sourceTree = "<group>";
		};
		BBD78D7AC51CEA395F1C20DB /* Pods */ = {
			isa = PBXGroup;
			children = (
				3B4392A12AC88292D35C810B /* Pods-FittrackApp.debug.xcconfig */,
				5709B34CF0A7D63546082F79 /* Pods-FittrackApp.release.xcconfig */,
			);
			path = Pods;
			sourceTree = "<group>";
		};
		B435932D61C845889DD40E4D /* Resources */ = {
			isa = "PBXGroup";
			children = (
				AFE8A544024444F5A88A3A32 /* Montserrat-Black.ttf */,
				AAB91D42E53A4209A1C07EEB /* Montserrat-BlackItalic.ttf */,
				29FDB65A001948AAA9D508A5 /* Montserrat-Bold.ttf */,
				82B24B7222774DA28264233B /* Montserrat-BoldItalic.ttf */,
				224C9634C0624C2E844A671B /* Montserrat-ExtraBold.ttf */,
				8E70C70259B2481086826C58 /* Montserrat-ExtraBoldItalic.ttf */,
				42D8C156356C4C76B5F5C38F /* Montserrat-ExtraLight.ttf */,
				DF63921BF738424AB82C062D /* Montserrat-ExtraLightItalic.ttf */,
				ADDD8545687C4F5B84731653 /* Montserrat-Italic.ttf */,
				483E104FD922425D90E08EB6 /* Montserrat-Light.ttf */,
				AC7D6E26A64B40009C32012E /* Montserrat-LightItalic.ttf */,
				46F6D750722C433D9FAB84EE /* Montserrat-Medium.ttf */,
				2C0046D3C9EA42AF9ADD04F1 /* Montserrat-MediumItalic.ttf */,
				DC93D65CCC4F4233AD34041B /* Montserrat-Regular.ttf */,
				DBB05EDB623E4D7A9659E73A /* Montserrat-SemiBold.ttf */,
				116155DCDCD14B83A37B2F71 /* Montserrat-SemiBoldItalic.ttf */,
				AC03842304F5419E9035A2D4 /* Montserrat-Thin.ttf */,
				BEE496375780481BB0874703 /* Montserrat-ThinItalic.ttf */,
				B629F454D46D4CE192F60F3C /* OpenSans-Bold.ttf */,
				20D2C0A89068441AACD0AFB8 /* OpenSans-BoldItalic.ttf */,
				0F334287CE7640DDAF4E7CF4 /* OpenSans-ExtraBold.ttf */,
				6D29F31C88EB436B86BEB7D1 /* OpenSans-ExtraBoldItalic.ttf */,
				0984391946CB4686ADAC4FC4 /* OpenSans-Italic.ttf */,
				5B67C47D2FD8443DB3E88C25 /* OpenSans-Light.ttf */,
				66F99A6CCF624907891C87A5 /* OpenSans-LightItalic.ttf */,
				0209425C674F4A229678FBC3 /* OpenSans-Medium.ttf */,
				24053982C522416AA7351190 /* OpenSans-MediumItalic.ttf */,
				117CA2C714164F6399A155D3 /* OpenSans-Regular.ttf */,
				36660891F5234AF49EFFB85F /* OpenSans-SemiBold.ttf */,
				B1D194028DB24A408DABAC85 /* OpenSans-SemiBoldItalic.ttf */,
				4B7C90125798413AA00E411A /* OpenSans_Condensed-Bold.ttf */,
				64C3EBBECCEC481C868D604E /* OpenSans_Condensed-BoldItalic.ttf */,
				40A2970993B94D85B2B3BFFC /* OpenSans_Condensed-ExtraBold.ttf */,
				A7FB6B042B3F41AEBD29B46C /* OpenSans_Condensed-ExtraBoldItalic.ttf */,
				54CB791B35C145A9B9D71281 /* OpenSans_Condensed-Italic.ttf */,
				36E3C14C6C774D93A304466E /* OpenSans_Condensed-Light.ttf */,
				403D02ACAD0440AA85A5BC76 /* OpenSans_Condensed-LightItalic.ttf */,
				555FA2475EC84743B40A1B05 /* OpenSans_Condensed-Medium.ttf */,
				895AE8124FC243BFB682DC77 /* OpenSans_Condensed-MediumItalic.ttf */,
				EB59609A89604A0688D02121 /* OpenSans_Condensed-Regular.ttf */,
				C56AC8D403654141A1468F4A /* OpenSans_Condensed-SemiBold.ttf */,
				DBA021B11B6D4742B216E581 /* OpenSans_Condensed-SemiBoldItalic.ttf */,
				3AB30B9F5DBB441DAD2C6448 /* OpenSans_SemiCondensed-Bold.ttf */,
				086F4F002A9F4859A1A1FB99 /* OpenSans_SemiCondensed-BoldItalic.ttf */,
				D8E5E29CC0BD49E1B0391DCB /* OpenSans_SemiCondensed-ExtraBold.ttf */,
				8222BBFCC41546EE8E7C2551 /* OpenSans_SemiCondensed-ExtraBoldItalic.ttf */,
				81173A22A7754D568FB5869E /* OpenSans_SemiCondensed-Italic.ttf */,
				7778DA800353438DADF04A8E /* OpenSans_SemiCondensed-Light.ttf */,
				AD7871014F764053B31786BB /* OpenSans_SemiCondensed-LightItalic.ttf */,
				C22FFD24DEB94F69B6863F5E /* OpenSans_SemiCondensed-Medium.ttf */,
				00A7F46C51554AFEA0EAE538 /* OpenSans_SemiCondensed-MediumItalic.ttf */,
				D3A7C9F75215423ABCA07E3C /* OpenSans_SemiCondensed-Regular.ttf */,
				EE65FEA0208B49BE9036CFC2 /* OpenSans_SemiCondensed-SemiBold.ttf */,
				61684F6417C049BCB2DC9A15 /* OpenSans_SemiCondensed-SemiBoldItalic.ttf */,
			);
			name = Resources;
			sourceTree = "<group>";
			path = "";
		};
/* End PBXGroup section */

/* Begin PBXNativeTarget section */
		13B07F861A680F5B00A75B9A /* FittrackApp */ = {
			isa = PBXNativeTarget;
			buildConfigurationList = 13B07F931A680F5B00A75B9A /* Build configuration list for PBXNativeTarget "FittrackApp" */;
			buildPhases = (
				C38B50BA6285516D6DCD4F65 /* [CP] Check Pods Manifest.lock */,
				13B07F871A680F5B00A75B9A /* Sources */,
				13B07F8C1A680F5B00A75B9A /* Frameworks */,
				13B07F8E1A680F5B00A75B9A /* Resources */,
				00DD1BFF1BD5951E006B06BC /* Bundle React Native code and images */,
				00EEFC60759A1932668264C0 /* [CP] Embed Pods Frameworks */,
				E235C05ADACE081382539298 /* [CP] Copy Pods Resources */,
			);
			buildRules = (
			);
			dependencies = (
			);
			name = FittrackApp;
			productName = FittrackApp;
			productReference = 13B07F961A680F5B00A75B9A /* FittrackApp.app */;
			productType = "com.apple.product-type.application";
		};
/* End PBXNativeTarget section */

/* Begin PBXProject section */
		83CBB9F71A601CBA00E9B192 /* Project object */ = {
			isa = PBXProject;
			attributes = {
				LastUpgradeCheck = 1210;
				TargetAttributes = {
					13B07F861A680F5B00A75B9A = {
						LastSwiftMigration = 1120;
					};
				};
			};
			buildConfigurationList = 83CBB9FA1A601CBA00E9B192 /* Build configuration list for PBXProject "FittrackApp" */;
			compatibilityVersion = "Xcode 12.0";
			developmentRegion = en;
			hasScannedForEncodings = 0;
			knownRegions = (
				en,
				Base,
			);
			mainGroup = 83CBB9F61A601CBA00E9B192;
			productRefGroup = 83CBBA001A601CBA00E9B192 /* Products */;
			projectDirPath = "";
			projectRoot = "";
			targets = (
				13B07F861A680F5B00A75B9A /* FittrackApp */,
			);
		};
/* End PBXProject section */

/* Begin PBXResourcesBuildPhase section */
		13B07F8E1A680F5B00A75B9A /* Resources */ = {
			isa = PBXResourcesBuildPhase;
			buildActionMask = 2147483647;
			files = (
				81AB9BB82411601600AC10FF /* LaunchScreen.storyboard in Resources */,
				13B07FBF1A68108700A75B9A /* Images.xcassets in Resources */,
				FF7420E6964B4FBE8FF52871 /* Montserrat-Black.ttf in Resources */,
				90DADA51F8C9422198C647E9 /* Montserrat-BlackItalic.ttf in Resources */,
				A3E07B5D72164C48B3204C5D /* Montserrat-Bold.ttf in Resources */,
				D0DBB4C31A3641849829BDFF /* Montserrat-BoldItalic.ttf in Resources */,
				7FC99E16B1AE441281035513 /* Montserrat-ExtraBold.ttf in Resources */,
				B3D9EF7D9F2A419387F7B3E0 /* Montserrat-ExtraBoldItalic.ttf in Resources */,
				D4D53611935B420798809172 /* Montserrat-ExtraLight.ttf in Resources */,
				8CA523EE77AF42BBA0F0F467 /* Montserrat-ExtraLightItalic.ttf in Resources */,
				AC951E3D69F64D9F9054D01E /* Montserrat-Italic.ttf in Resources */,
				DF621A102C954EA09C30AF2D /* Montserrat-Light.ttf in Resources */,
				4DBA7405109243B3ABBE172C /* Montserrat-LightItalic.ttf in Resources */,
				840BCB0AEC534E12A9D0300C /* Montserrat-Medium.ttf in Resources */,
				F46CC00D4A73410DA5E07B22 /* Montserrat-MediumItalic.ttf in Resources */,
				634FD4B3379648F9B134FA2A /* Montserrat-Regular.ttf in Resources */,
				2720A58FB50D4B3496952C50 /* Montserrat-SemiBold.ttf in Resources */,
				085A6FBBDBB349688F2CC6F0 /* Montserrat-SemiBoldItalic.ttf in Resources */,
				F3293C2F292343FD9FC117D3 /* Montserrat-Thin.ttf in Resources */,
				3F016D90B7D645FFB4FDE72F /* Montserrat-ThinItalic.ttf in Resources */,
				D323BD3C2E6145D0B03CA7C1 /* OpenSans-Bold.ttf in Resources */,
				8D88A29C7E374025ADFD29FC /* OpenSans-BoldItalic.ttf in Resources */,
				28182A3C874E4E35A334FCEE /* OpenSans-ExtraBold.ttf in Resources */,
				B65EFF2C7299484D9F10B93D /* OpenSans-ExtraBoldItalic.ttf in Resources */,
				5505BEBBB9B84560AB8A0326 /* OpenSans-Italic.ttf in Resources */,
				D48A5F34A31B4991B499A202 /* OpenSans-Light.ttf in Resources */,
				EED5CBCAF4D842FEA69074BD /* OpenSans-LightItalic.ttf in Resources */,
				E7423B0FA3504BDC9F1CF4FC /* OpenSans-Medium.ttf in Resources */,
				F470895238854020A4060026 /* OpenSans-MediumItalic.ttf in Resources */,
				70FDD716723A496DAABE0ED5 /* OpenSans-Regular.ttf in Resources */,
				BF051F2920AA48188608C417 /* OpenSans-SemiBold.ttf in Resources */,
				1B0542CAEF31455CA1626DD2 /* OpenSans-SemiBoldItalic.ttf in Resources */,
				F7E6E041073D4EDEA7952D29 /* OpenSans_Condensed-Bold.ttf in Resources */,
				38C74AE6A5134F07B72C25AB /* OpenSans_Condensed-BoldItalic.ttf in Resources */,
				BBBC0E24F2694B9DB8C61181 /* OpenSans_Condensed-ExtraBold.ttf in Resources */,
				C679DEE0EC1C412B9362A8B5 /* OpenSans_Condensed-ExtraBoldItalic.ttf in Resources */,
				AEE4C19909694E46B26ED7AA /* OpenSans_Condensed-Italic.ttf in Resources */,
				05E641E9CA954467907772D0 /* OpenSans_Condensed-Light.ttf in Resources */,
				0BD8F630E51742A79B041534 /* OpenSans_Condensed-LightItalic.ttf in Resources */,
				EB5CB6E55D29457FB35D2B02 /* OpenSans_Condensed-Medium.ttf in Resources */,
				786D19F043E84136A5B268CE /* OpenSans_Condensed-MediumItalic.ttf in Resources */,
				2B20EB322D7D4F6FA167E49D /* OpenSans_Condensed-Regular.ttf in Resources */,
				2DB75890819D43438B019AF9 /* OpenSans_Condensed-SemiBold.ttf in Resources */,
				C8B5C792E44A4878BE5AB120 /* OpenSans_Condensed-SemiBoldItalic.ttf in Resources */,
				48817FEF905D423E8270CBE4 /* OpenSans_SemiCondensed-Bold.ttf in Resources */,
				87F1196674C544ECA16C7F63 /* OpenSans_SemiCondensed-BoldItalic.ttf in Resources */,
				456DD60206B0409494ECE2FE /* OpenSans_SemiCondensed-ExtraBold.ttf in Resources */,
				E55DDFC5655645A3815A4DDD /* OpenSans_SemiCondensed-ExtraBoldItalic.ttf in Resources */,
				676514F455CE420391C4E025 /* OpenSans_SemiCondensed-Italic.ttf in Resources */,
				601C4A15DF2D42E68132B445 /* OpenSans_SemiCondensed-Light.ttf in Resources */,
				8A42F48E4EA347E295607688 /* OpenSans_SemiCondensed-LightItalic.ttf in Resources */,
				2F447A9612B54E34BD820BB4 /* OpenSans_SemiCondensed-Medium.ttf in Resources */,
				F3CD7834A5854090A16CAD6F /* OpenSans_SemiCondensed-MediumItalic.ttf in Resources */,
				D3CC0E56BE2D4312A7C74D62 /* OpenSans_SemiCondensed-Regular.ttf in Resources */,
				FB60920CFA274B40BC1A08D4 /* OpenSans_SemiCondensed-SemiBold.ttf in Resources */,
				0BAB9E73EBFA458EAE32C85A /* OpenSans_SemiCondensed-SemiBoldItalic.ttf in Resources */,
			);
			runOnlyForDeploymentPostprocessing = 0;
		};
/* End PBXResourcesBuildPhase section */

/* Begin PBXShellScriptBuildPhase section */
		00DD1BFF1BD5951E006B06BC /* Bundle React Native code and images */ = {
			isa = PBXShellScriptBuildPhase;
			buildActionMask = 2147483647;
			files = (
			);
			inputPaths = (
				"$(SRCROOT)/.xcode.env.local",
				"$(SRCROOT)/.xcode.env",
			);
			name = "Bundle React Native code and images";
			outputPaths = (
			);
			runOnlyForDeploymentPostprocessing = 0;
			shellPath = /bin/sh;
			shellScript = "set -e\n\nWITH_ENVIRONMENT=\"$REACT_NATIVE_PATH/scripts/xcode/with-environment.sh\"\nREACT_NATIVE_XCODE=\"$REACT_NATIVE_PATH/scripts/react-native-xcode.sh\"\n\n/bin/sh -c \"\\\"$WITH_ENVIRONMENT\\\" \\\"$REACT_NATIVE_XCODE\\\"\"\n";
		};
		00EEFC60759A1932668264C0 /* [CP] Embed Pods Frameworks */ = {
			isa = PBXShellScriptBuildPhase;
			buildActionMask = 2147483647;
			files = (
			);
			inputFileListPaths = (
				"${PODS_ROOT}/Target Support Files/Pods-FittrackApp/Pods-FittrackApp-frameworks-${CONFIGURATION}-input-files.xcfilelist",
			);
			name = "[CP] Embed Pods Frameworks";
			outputFileListPaths = (
				"${PODS_ROOT}/Target Support Files/Pods-FittrackApp/Pods-FittrackApp-frameworks-${CONFIGURATION}-output-files.xcfilelist",
			);
			runOnlyForDeploymentPostprocessing = 0;
			shellPath = /bin/sh;
			shellScript = "\"${PODS_ROOT}/Target Support Files/Pods-FittrackApp/Pods-FittrackApp-frameworks.sh\"\n";
			showEnvVarsInLog = 0;
		};
		C38B50BA6285516D6DCD4F65 /* [CP] Check Pods Manifest.lock */ = {
			isa = PBXShellScriptBuildPhase;
			buildActionMask = 2147483647;
			files = (
			);
			inputFileListPaths = (
			);
			inputPaths = (
				"${PODS_PODFILE_DIR_PATH}/Podfile.lock",
				"${PODS_ROOT}/Manifest.lock",
			);
			name = "[CP] Check Pods Manifest.lock";
			outputFileListPaths = (
			);
			outputPaths = (
				"$(DERIVED_FILE_DIR)/Pods-FittrackApp-checkManifestLockResult.txt",
			);
			runOnlyForDeploymentPostprocessing = 0;
			shellPath = /bin/sh;
			shellScript = "diff \"${PODS_PODFILE_DIR_PATH}/Podfile.lock\" \"${PODS_ROOT}/Manifest.lock\" > /dev/null\nif [ $? != 0 ] ; then\n    # print error to STDERR\n    echo \"error: The sandbox is not in sync with the Podfile.lock. Run 'pod install' or update your CocoaPods installation.\" >&2\n    exit 1\nfi\n# This output is used by Xcode 'outputs' to avoid re-running this script phase.\necho \"SUCCESS\" > \"${SCRIPT_OUTPUT_FILE_0}\"\n";
			showEnvVarsInLog = 0;
		};
		E235C05ADACE081382539298 /* [CP] Copy Pods Resources */ = {
			isa = PBXShellScriptBuildPhase;
			buildActionMask = 2147483647;
			files = (
			);
			inputFileListPaths = (
				"${PODS_ROOT}/Target Support Files/Pods-FittrackApp/Pods-FittrackApp-resources-${CONFIGURATION}-input-files.xcfilelist",
			);
			name = "[CP] Copy Pods Resources";
			outputFileListPaths = (
				"${PODS_ROOT}/Target Support Files/Pods-FittrackApp/Pods-FittrackApp-resources-${CONFIGURATION}-output-files.xcfilelist",
			);
			runOnlyForDeploymentPostprocessing = 0;
			shellPath = /bin/sh;
			shellScript = "\"${PODS_ROOT}/Target Support Files/Pods-FittrackApp/Pods-FittrackApp-resources.sh\"\n";
			showEnvVarsInLog = 0;
		};
/* End PBXShellScriptBuildPhase section */

/* Begin PBXSourcesBuildPhase section */
		13B07F871A680F5B00A75B9A /* Sources */ = {
			isa = PBXSourcesBuildPhase;
			buildActionMask = 2147483647;
			files = (
				761780ED2CA45674006654EE /* AppDelegate.swift in Sources */,
			);
			runOnlyForDeploymentPostprocessing = 0;
		};
/* End PBXSourcesBuildPhase section */

/* Begin XCBuildConfiguration section */
		13B07F941A680F5B00A75B9A /* Debug */ = {
			isa = XCBuildConfiguration;
			baseConfigurationReference = 3B4392A12AC88292D35C810B /* Pods-FittrackApp.debug.xcconfig */;
			buildSettings = {
				ASSETCATALOG_COMPILER_APPICON_NAME = AppIcon;
				CLANG_ENABLE_MODULES = YES;
				CURRENT_PROJECT_VERSION = 1;
				ENABLE_BITCODE = NO;
				INFOPLIST_FILE = FittrackApp/Info.plist;
				IPHONEOS_DEPLOYMENT_TARGET = 15.1;
				LD_RUNPATH_SEARCH_PATHS = (
					"$(inherited)",
					"@executable_path/Frameworks",
				);
				MARKETING_VERSION = 1.0;
				OTHER_LDFLAGS = (
					"$(inherited)",
					"-ObjC",
					"-lc++",
				);
				PRODUCT_BUNDLE_IDENTIFIER = "org.reactjs.native.example.$(PRODUCT_NAME:rfc1034identifier)";
				PRODUCT_NAME = FittrackApp;
				SWIFT_OPTIMIZATION_LEVEL = "-Onone";
				SWIFT_VERSION = 5.0;
				VERSIONING_SYSTEM = "apple-generic";
			};
			name = Debug;
		};
		13B07F951A680F5B00A75B9A /* Release */ = {
			isa = XCBuildConfiguration;
			baseConfigurationReference = 5709B34CF0A7D63546082F79 /* Pods-FittrackApp.release.xcconfig */;
			buildSettings = {
				ASSETCATALOG_COMPILER_APPICON_NAME = AppIcon;
				CLANG_ENABLE_MODULES = YES;
				CURRENT_PROJECT_VERSION = 1;
				INFOPLIST_FILE = FittrackApp/Info.plist;
				IPHONEOS_DEPLOYMENT_TARGET = 15.1;
				LD_RUNPATH_SEARCH_PATHS = (
					"$(inherited)",
					"@executable_path/Frameworks",
				);
				MARKETING_VERSION = 1.0;
				OTHER_LDFLAGS = (
					"$(inherited)",
					"-ObjC",
					"-lc++",
				);
				PRODUCT_BUNDLE_IDENTIFIER = "org.reactjs.native.example.$(PRODUCT_NAME:rfc1034identifier)";
				PRODUCT_NAME = FittrackApp;
				SWIFT_VERSION = 5.0;
				VERSIONING_SYSTEM = "apple-generic";
			};
			name = Release;
		};
		83CBBA201A601CBA00E9B192 /* Debug */ = {
			isa = XCBuildConfiguration;
			buildSettings = {
				ALWAYS_SEARCH_USER_PATHS = NO;
				CLANG_ANALYZER_LOCALIZABILITY_NONLOCALIZED = YES;
				CLANG_CXX_LANGUAGE_STANDARD = "c++20";
				CLANG_CXX_LIBRARY = "libc++";
				CLANG_ENABLE_MODULES = YES;
				CLANG_ENABLE_OBJC_ARC = YES;
				CLANG_WARN_BLOCK_CAPTURE_AUTORELEASING = YES;
				CLANG_WARN_BOOL_CONVERSION = YES;
				CLANG_WARN_COMMA = YES;
				CLANG_WARN_CONSTANT_CONVERSION = YES;
				CLANG_WARN_DEPRECATED_OBJC_IMPLEMENTATIONS = YES;
				CLANG_WARN_DIRECT_OBJC_ISA_USAGE = YES_ERROR;
				CLANG_WARN_EMPTY_BODY = YES;
				CLANG_WARN_ENUM_CONVERSION = YES;
				CLANG_WARN_INFINITE_RECURSION = YES;
				CLANG_WARN_INT_CONVERSION = YES;
				CLANG_WARN_NON_LITERAL_NULL_CONVERSION = YES;
				CLANG_WARN_OBJC_IMPLICIT_RETAIN_SELF = YES;
				CLANG_WARN_OBJC_LITERAL_CONVERSION = YES;
				CLANG_WARN_OBJC_ROOT_CLASS = YES_ERROR;
				CLANG_WARN_QUOTED_INCLUDE_IN_FRAMEWORK_HEADER = YES;
				CLANG_WARN_RANGE_LOOP_ANALYSIS = YES;
				CLANG_WARN_STRICT_PROTOTYPES = YES;
				CLANG_WARN_SUSPICIOUS_MOVE = YES;
				CLANG_WARN_UNREACHABLE_CODE = YES;
				CLANG_WARN__DUPLICATE_METHOD_MATCH = YES;
				"CODE_SIGN_IDENTITY[sdk=iphoneos*]" = "iPhone Developer";
				COPY_PHASE_STRIP = NO;
				ENABLE_STRICT_OBJC_MSGSEND = YES;
				ENABLE_TESTABILITY = YES;
				"EXCLUDED_ARCHS[sdk=iphonesimulator*]" = "";
				GCC_C_LANGUAGE_STANDARD = gnu99;
				GCC_DYNAMIC_NO_PIC = NO;
				GCC_NO_COMMON_BLOCKS = YES;
				GCC_OPTIMIZATION_LEVEL = 0;
				GCC_PREPROCESSOR_DEFINITIONS = (
					"DEBUG=1",
					"$(inherited)",
				);
				GCC_SYMBOLS_PRIVATE_EXTERN = NO;
				GCC_WARN_64_TO_32_BIT_CONVERSION = YES;
				GCC_WARN_ABOUT_RETURN_TYPE = YES_ERROR;
				GCC_WARN_UNDECLARED_SELECTOR = YES;
				GCC_WARN_UNINITIALIZED_AUTOS = YES_AGGRESSIVE;
				GCC_WARN_UNUSED_FUNCTION = YES;
				GCC_WARN_UNUSED_VARIABLE = YES;
				IPHONEOS_DEPLOYMENT_TARGET = 15.1;
				LD_RUNPATH_SEARCH_PATHS = (
					/usr/lib/swift,
					"$(inherited)",
				);
				LIBRARY_SEARCH_PATHS = (
					"\"$(SDKROOT)/usr/lib/swift\"",
					"\"$(TOOLCHAIN_DIR)/usr/lib/swift/$(PLATFORM_NAME)\"",
					"\"$(inherited)\"",
				);
				MTL_ENABLE_DEBUG_INFO = YES;
				ONLY_ACTIVE_ARCH = YES;
				OTHER_CPLUSPLUSFLAGS = (
					"$(OTHER_CFLAGS)",
					"-DFOLLY_NO_CONFIG",
					"-DFOLLY_MOBILE=1",
					"-DFOLLY_USE_LIBCPP=1",
					"-DFOLLY_CFG_NO_COROUTINES=1",
					"-DFOLLY_HAVE_CLOCK_GETTIME=1",
				);
				SDKROOT = iphoneos;
			};
			name = Debug;
		};
		83CBBA211A601CBA00E9B192 /* Release */ = {
			isa = XCBuildConfiguration;
			buildSettings = {
				ALWAYS_SEARCH_USER_PATHS = NO;
				CLANG_ANALYZER_LOCALIZABILITY_NONLOCALIZED = YES;
				CLANG_CXX_LANGUAGE_STANDARD = "c++20";
				CLANG_CXX_LIBRARY = "libc++";
				CLANG_ENABLE_MODULES = YES;
				CLANG_ENABLE_OBJC_ARC = YES;
				CLANG_WARN_BLOCK_CAPTURE_AUTORELEASING = YES;
				CLANG_WARN_BOOL_CONVERSION = YES;
				CLANG_WARN_COMMA = YES;
				CLANG_WARN_CONSTANT_CONVERSION = YES;
				CLANG_WARN_DEPRECATED_OBJC_IMPLEMENTATIONS = YES;
				CLANG_WARN_DIRECT_OBJC_ISA_USAGE = YES_ERROR;
				CLANG_WARN_EMPTY_BODY = YES;
				CLANG_WARN_ENUM_CONVERSION = YES;
				CLANG_WARN_INFINITE_RECURSION = YES;
				CLANG_WARN_INT_CONVERSION = YES;
				CLANG_WARN_NON_LITERAL_NULL_CONVERSION = YES;
				CLANG_WARN_OBJC_IMPLICIT_RETAIN_SELF = YES;
				CLANG_WARN_OBJC_LITERAL_CONVERSION = YES;
				CLANG_WARN_OBJC_ROOT_CLASS = YES_ERROR;
				CLANG_WARN_QUOTED_INCLUDE_IN_FRAMEWORK_HEADER = YES;
				CLANG_WARN_RANGE_LOOP_ANALYSIS = YES;
				CLANG_WARN_STRICT_PROTOTYPES = YES;
				CLANG_WARN_SUSPICIOUS_MOVE = YES;
				CLANG_WARN_UNREACHABLE_CODE = YES;
				CLANG_WARN__DUPLICATE_METHOD_MATCH = YES;
				"CODE_SIGN_IDENTITY[sdk=iphoneos*]" = "iPhone Developer";
				COPY_PHASE_STRIP = YES;
				ENABLE_NS_ASSERTIONS = NO;
				ENABLE_STRICT_OBJC_MSGSEND = YES;
				"EXCLUDED_ARCHS[sdk=iphonesimulator*]" = "";
				GCC_C_LANGUAGE_STANDARD = gnu99;
				GCC_NO_COMMON_BLOCKS = YES;
				GCC_WARN_64_TO_32_BIT_CONVERSION = YES;
				GCC_WARN_ABOUT_RETURN_TYPE = YES_ERROR;
				GCC_WARN_UNDECLARED_SELECTOR = YES;
				GCC_WARN_UNINITIALIZED_AUTOS = YES_AGGRESSIVE;
				GCC_WARN_UNUSED_FUNCTION = YES;
				GCC_WARN_UNUSED_VARIABLE = YES;
				IPHONEOS_DEPLOYMENT_TARGET = 15.1;
				LD_RUNPATH_SEARCH_PATHS = (
					/usr/lib/swift,
					"$(inherited)",
				);
				LIBRARY_SEARCH_PATHS = (
					"\"$(SDKROOT)/usr/lib/swift\"",
					"\"$(TOOLCHAIN_DIR)/usr/lib/swift/$(PLATFORM_NAME)\"",
					"\"$(inherited)\"",
				);
				MTL_ENABLE_DEBUG_INFO = NO;
				OTHER_CPLUSPLUSFLAGS = (
					"$(OTHER_CFLAGS)",
					"-DFOLLY_NO_CONFIG",
					"-DFOLLY_MOBILE=1",
					"-DFOLLY_USE_LIBCPP=1",
					"-DFOLLY_CFG_NO_COROUTINES=1",
					"-DFOLLY_HAVE_CLOCK_GETTIME=1",
				);
				SDKROOT = iphoneos;
				VALIDATE_PRODUCT = YES;
			};
			name = Release;
		};
/* End XCBuildConfiguration section */

/* Begin XCConfigurationList section */
		13B07F931A680F5B00A75B9A /* Build configuration list for PBXNativeTarget "FittrackApp" */ = {
			isa = XCConfigurationList;
			buildConfigurations = (
				13B07F941A680F5B00A75B9A /* Debug */,
				13B07F951A680F5B00A75B9A /* Release */,
			);
			defaultConfigurationIsVisible = 0;
			defaultConfigurationName = Release;
		};
		83CBB9FA1A601CBA00E9B192 /* Build configuration list for PBXProject "FittrackApp" */ = {
			isa = XCConfigurationList;
			buildConfigurations = (
				83CBBA201A601CBA00E9B192 /* Debug */,
				83CBBA211A601CBA00E9B192 /* Release */,
			);
			defaultConfigurationIsVisible = 0;
			defaultConfigurationName = Release;
		};
/* End XCConfigurationList section */
	};
	rootObject = 83CBB9F71A601CBA00E9B192 /* Project object */;
}
